// !$*UTF8*$!
{
	archiveVersion = 1;
	classes = {
	};
	objectVersion = 50;
	objects = {

/* Begin PBXBuildFile section */
		04A6EA102547C7140054E1DB /* AppDelegate.m in Sources */ = {isa = PBXBuildFile; fileRef = 04A6EA0F2547C7140054E1DB /* AppDelegate.m */; };
		04A6EA162547C7140054E1DB /* ViewController.m in Sources */ = {isa = PBXBuildFile; fileRef = 04A6EA152547C7140054E1DB /* ViewController.m */; };
		04A6EA192547C7140054E1DB /* Main.storyboard in Resources */ = {isa = PBXBuildFile; fileRef = 04A6EA172547C7140054E1DB /* Main.storyboard */; };
		04A6EA1B2547C7150054E1DB /* Assets.xcassets in Resources */ = {isa = PBXBuildFile; fileRef = 04A6EA1A2547C7150054E1DB /* Assets.xcassets */; };
		04A6EA1E2547C7150054E1DB /* LaunchScreen.storyboard in Resources */ = {isa = PBXBuildFile; fileRef = 04A6EA1C2547C7150054E1DB /* LaunchScreen.storyboard */; };
		04A6EA212547C7150054E1DB /* main.m in Sources */ = {isa = PBXBuildFile; fileRef = 04A6EA202547C7150054E1DB /* main.m */; };
		04A6EA352547C9720054E1DB /* TJCommons.podspec in Resources */ = {isa = PBXBuildFile; fileRef = 04A6EA342547C9720054E1DB /* TJCommons.podspec */; };
		04A6EA3D2547CB340054E1DB /* LICENSE in Resources */ = {isa = PBXBuildFile; fileRef = 04A6EA3C2547CB340054E1DB /* LICENSE */; };
		04A6EA652547FB0F0054E1DB /* UIButton+TJButton.m in Sources */ = {isa = PBXBuildFile; fileRef = 04A6EA642547FB0F0054E1DB /* UIButton+TJButton.m */; };
		04A6EA6A254803510054E1DB /* UILabel+TJLabel.m in Sources */ = {isa = PBXBuildFile; fileRef = 04A6EA69254803510054E1DB /* UILabel+TJLabel.m */; };
		04A6EA6E25480A000054E1DB /* UIView+TJView.m in Sources */ = {isa = PBXBuildFile; fileRef = 04A6EA6D25480A000054E1DB /* UIView+TJView.m */; };
		04A6EA732548122C0054E1DB /* UITableView+TJTableView.m in Sources */ = {isa = PBXBuildFile; fileRef = 04A6EA722548122C0054E1DB /* UITableView+TJTableView.m */; };
		04A6EA782548140E0054E1DB /* UIViewController+TJViewController.m in Sources */ = {isa = PBXBuildFile; fileRef = 04A6EA772548140E0054E1DB /* UIViewController+TJViewController.m */; };
		04A6EA7F25481D920054E1DB /* NSObject+TJExchangeMethod.m in Sources */ = {isa = PBXBuildFile; fileRef = 04A6EA7E25481D920054E1DB /* NSObject+TJExchangeMethod.m */; };
		04A6EA842548204F0054E1DB /* TJSafeMethod.m in Sources */ = {isa = PBXBuildFile; fileRef = 04A6EA832548204F0054E1DB /* TJSafeMethod.m */; };
		04A6EA892548235E0054E1DB /* NSArray+TJSafeArray.m in Sources */ = {isa = PBXBuildFile; fileRef = 04A6EA882548235E0054E1DB /* NSArray+TJSafeArray.m */; };
		04A6EA9F25482F930054E1DB /* NSDictionary+TJSafeDictionary.m in Sources */ = {isa = PBXBuildFile; fileRef = 04A6EA9E25482F930054E1DB /* NSDictionary+TJSafeDictionary.m */; };
		04A6EABE2549578E0054E1DB /* NSMutableArray+TJSafeMutableArray.m in Sources */ = {isa = PBXBuildFile; fileRef = 04A6EABD2549578E0054E1DB /* NSMutableArray+TJSafeMutableArray.m */; };
		04A6EAC225495D420054E1DB /* NSMutableDictionary+TJSafeMutableDictionary.m in Sources */ = {isa = PBXBuildFile; fileRef = 04A6EAC125495D420054E1DB /* NSMutableDictionary+TJSafeMutableDictionary.m */; };
		04A6EAD125497B0D0054E1DB /* NSObject+TJSafeMethod.m in Sources */ = {isa = PBXBuildFile; fileRef = 04A6EAD025497B0D0054E1DB /* NSObject+TJSafeMethod.m */; };
		04A6EAE3254982F80054E1DB /* NSString+TJString.m in Sources */ = {isa = PBXBuildFile; fileRef = 04A6EAE2254982F80054E1DB /* NSString+TJString.m */; };
		04A6EAE8254984EE0054E1DB /* NSDate+TJDate.m in Sources */ = {isa = PBXBuildFile; fileRef = 04A6EAE7254984EE0054E1DB /* NSDate+TJDate.m */; };
		04A6EAED254A62590054E1DB /* UIButton+TJClickInterval.m in Sources */ = {isa = PBXBuildFile; fileRef = 04A6EAEC254A62590054E1DB /* UIButton+TJClickInterval.m */; };
		04A6EAF4254A75760054E1DB /* UIImage+TJImage.m in Sources */ = {isa = PBXBuildFile; fileRef = 04A6EAF3254A75760054E1DB /* UIImage+TJImage.m */; };
		04A6EB2A254AA9BC0054E1DB /* TJCommon.m in Sources */ = {isa = PBXBuildFile; fileRef = 04A6EB29254AA9BC0054E1DB /* TJCommon.m */; };
/* End PBXBuildFile section */

/* Begin PBXFileReference section */
		04A6EA0B2547C7140054E1DB /* TJCommons.app */ = {isa = PBXFileReference; explicitFileType = wrapper.application; includeInIndex = 0; path = TJCommons.app; sourceTree = BUILT_PRODUCTS_DIR; };
		04A6EA0E2547C7140054E1DB /* AppDelegate.h */ = {isa = PBXFileReference; lastKnownFileType = sourcecode.c.h; path = AppDelegate.h; sourceTree = "<group>"; };
		04A6EA0F2547C7140054E1DB /* AppDelegate.m */ = {isa = PBXFileReference; lastKnownFileType = sourcecode.c.objc; path = AppDelegate.m; sourceTree = "<group>"; };
		04A6EA142547C7140054E1DB /* ViewController.h */ = {isa = PBXFileReference; lastKnownFileType = sourcecode.c.h; path = ViewController.h; sourceTree = "<group>"; };
		04A6EA152547C7140054E1DB /* ViewController.m */ = {isa = PBXFileReference; lastKnownFileType = sourcecode.c.objc; path = ViewController.m; sourceTree = "<group>"; };
		04A6EA182547C7140054E1DB /* Base */ = {isa = PBXFileReference; lastKnownFileType = file.storyboard; name = Base; path = Base.lproj/Main.storyboard; sourceTree = "<group>"; };
		04A6EA1A2547C7150054E1DB /* Assets.xcassets */ = {isa = PBXFileReference; lastKnownFileType = folder.assetcatalog; path = Assets.xcassets; sourceTree = "<group>"; };
		04A6EA1D2547C7150054E1DB /* Base */ = {isa = PBXFileReference; lastKnownFileType = file.storyboard; name = Base; path = Base.lproj/LaunchScreen.storyboard; sourceTree = "<group>"; };
		04A6EA1F2547C7150054E1DB /* Info.plist */ = {isa = PBXFileReference; lastKnownFileType = text.plist.xml; path = Info.plist; sourceTree = "<group>"; };
		04A6EA202547C7150054E1DB /* main.m */ = {isa = PBXFileReference; lastKnownFileType = sourcecode.c.objc; path = main.m; sourceTree = "<group>"; };
		04A6EA342547C9720054E1DB /* TJCommons.podspec */ = {isa = PBXFileReference; fileEncoding = 4; lastKnownFileType = text; path = TJCommons.podspec; sourceTree = "<group>"; };
		04A6EA3C2547CB340054E1DB /* LICENSE */ = {isa = PBXFileReference; fileEncoding = 4; lastKnownFileType = text; path = LICENSE; sourceTree = "<group>"; };
		04A6EA5D2547F8120054E1DB /* TJCommons.h */ = {isa = PBXFileReference; lastKnownFileType = sourcecode.c.h; path = TJCommons.h; sourceTree = "<group>"; };
		04A6EA602547FA0D0054E1DB /* TJCommons_define.h */ = {isa = PBXFileReference; lastKnownFileType = sourcecode.c.h; path = TJCommons_define.h; sourceTree = "<group>"; };
		04A6EA632547FB0F0054E1DB /* UIButton+TJButton.h */ = {isa = PBXFileReference; lastKnownFileType = sourcecode.c.h; path = "UIButton+TJButton.h"; sourceTree = "<group>"; };
		04A6EA642547FB0F0054E1DB /* UIButton+TJButton.m */ = {isa = PBXFileReference; lastKnownFileType = sourcecode.c.objc; path = "UIButton+TJButton.m"; sourceTree = "<group>"; };
		04A6EA68254803510054E1DB /* UILabel+TJLabel.h */ = {isa = PBXFileReference; lastKnownFileType = sourcecode.c.h; path = "UILabel+TJLabel.h"; sourceTree = "<group>"; };
		04A6EA69254803510054E1DB /* UILabel+TJLabel.m */ = {isa = PBXFileReference; lastKnownFileType = sourcecode.c.objc; path = "UILabel+TJLabel.m"; sourceTree = "<group>"; };
		04A6EA6C25480A000054E1DB /* UIView+TJView.h */ = {isa = PBXFileReference; lastKnownFileType = sourcecode.c.h; path = "UIView+TJView.h"; sourceTree = "<group>"; };
		04A6EA6D25480A000054E1DB /* UIView+TJView.m */ = {isa = PBXFileReference; lastKnownFileType = sourcecode.c.objc; path = "UIView+TJView.m"; sourceTree = "<group>"; };
		04A6EA712548122C0054E1DB /* UITableView+TJTableView.h */ = {isa = PBXFileReference; lastKnownFileType = sourcecode.c.h; path = "UITableView+TJTableView.h"; sourceTree = "<group>"; };
		04A6EA722548122C0054E1DB /* UITableView+TJTableView.m */ = {isa = PBXFileReference; lastKnownFileType = sourcecode.c.objc; path = "UITableView+TJTableView.m"; sourceTree = "<group>"; };
		04A6EA762548140E0054E1DB /* UIViewController+TJViewController.h */ = {isa = PBXFileReference; lastKnownFileType = sourcecode.c.h; path = "UIViewController+TJViewController.h"; sourceTree = "<group>"; };
		04A6EA772548140E0054E1DB /* UIViewController+TJViewController.m */ = {isa = PBXFileReference; lastKnownFileType = sourcecode.c.objc; path = "UIViewController+TJViewController.m"; sourceTree = "<group>"; };
		04A6EA7D25481D920054E1DB /* NSObject+TJExchangeMethod.h */ = {isa = PBXFileReference; lastKnownFileType = sourcecode.c.h; path = "NSObject+TJExchangeMethod.h"; sourceTree = "<group>"; };
		04A6EA7E25481D920054E1DB /* NSObject+TJExchangeMethod.m */ = {isa = PBXFileReference; lastKnownFileType = sourcecode.c.objc; path = "NSObject+TJExchangeMethod.m"; sourceTree = "<group>"; };
		04A6EA822548204F0054E1DB /* TJSafeMethod.h */ = {isa = PBXFileReference; lastKnownFileType = sourcecode.c.h; path = TJSafeMethod.h; sourceTree = "<group>"; };
		04A6EA832548204F0054E1DB /* TJSafeMethod.m */ = {isa = PBXFileReference; lastKnownFileType = sourcecode.c.objc; path = TJSafeMethod.m; sourceTree = "<group>"; };
		04A6EA872548235E0054E1DB /* NSArray+TJSafeArray.h */ = {isa = PBXFileReference; lastKnownFileType = sourcecode.c.h; path = "NSArray+TJSafeArray.h"; sourceTree = "<group>"; };
		04A6EA882548235E0054E1DB /* NSArray+TJSafeArray.m */ = {isa = PBXFileReference; lastKnownFileType = sourcecode.c.objc; path = "NSArray+TJSafeArray.m"; sourceTree = "<group>"; };
		04A6EA9D25482F930054E1DB /* NSDictionary+TJSafeDictionary.h */ = {isa = PBXFileReference; lastKnownFileType = sourcecode.c.h; path = "NSDictionary+TJSafeDictionary.h"; sourceTree = "<group>"; };
		04A6EA9E25482F930054E1DB /* NSDictionary+TJSafeDictionary.m */ = {isa = PBXFileReference; lastKnownFileType = sourcecode.c.objc; path = "NSDictionary+TJSafeDictionary.m"; sourceTree = "<group>"; };
		04A6EABC2549578E0054E1DB /* NSMutableArray+TJSafeMutableArray.h */ = {isa = PBXFileReference; lastKnownFileType = sourcecode.c.h; path = "NSMutableArray+TJSafeMutableArray.h"; sourceTree = "<group>"; };
		04A6EABD2549578E0054E1DB /* NSMutableArray+TJSafeMutableArray.m */ = {isa = PBXFileReference; lastKnownFileType = sourcecode.c.objc; path = "NSMutableArray+TJSafeMutableArray.m"; sourceTree = "<group>"; };
		04A6EAC025495D420054E1DB /* NSMutableDictionary+TJSafeMutableDictionary.h */ = {isa = PBXFileReference; lastKnownFileType = sourcecode.c.h; path = "NSMutableDictionary+TJSafeMutableDictionary.h"; sourceTree = "<group>"; };
		04A6EAC125495D420054E1DB /* NSMutableDictionary+TJSafeMutableDictionary.m */ = {isa = PBXFileReference; lastKnownFileType = sourcecode.c.objc; path = "NSMutableDictionary+TJSafeMutableDictionary.m"; sourceTree = "<group>"; };
		04A6EACF25497B0D0054E1DB /* NSObject+TJSafeMethod.h */ = {isa = PBXFileReference; lastKnownFileType = sourcecode.c.h; path = "NSObject+TJSafeMethod.h"; sourceTree = "<group>"; };
		04A6EAD025497B0D0054E1DB /* NSObject+TJSafeMethod.m */ = {isa = PBXFileReference; lastKnownFileType = sourcecode.c.objc; path = "NSObject+TJSafeMethod.m"; sourceTree = "<group>"; };
		04A6EAE1254982F80054E1DB /* NSString+TJString.h */ = {isa = PBXFileReference; lastKnownFileType = sourcecode.c.h; path = "NSString+TJString.h"; sourceTree = "<group>"; };
		04A6EAE2254982F80054E1DB /* NSString+TJString.m */ = {isa = PBXFileReference; lastKnownFileType = sourcecode.c.objc; path = "NSString+TJString.m"; sourceTree = "<group>"; };
		04A6EAE6254984EE0054E1DB /* NSDate+TJDate.h */ = {isa = PBXFileReference; lastKnownFileType = sourcecode.c.h; path = "NSDate+TJDate.h"; sourceTree = "<group>"; };
		04A6EAE7254984EE0054E1DB /* NSDate+TJDate.m */ = {isa = PBXFileReference; lastKnownFileType = sourcecode.c.objc; path = "NSDate+TJDate.m"; sourceTree = "<group>"; };
		04A6EAEB254A62590054E1DB /* UIButton+TJClickInterval.h */ = {isa = PBXFileReference; lastKnownFileType = sourcecode.c.h; path = "UIButton+TJClickInterval.h"; sourceTree = "<group>"; };
		04A6EAEC254A62590054E1DB /* UIButton+TJClickInterval.m */ = {isa = PBXFileReference; lastKnownFileType = sourcecode.c.objc; path = "UIButton+TJClickInterval.m"; sourceTree = "<group>"; };
		04A6EAF2254A75760054E1DB /* UIImage+TJImage.h */ = {isa = PBXFileReference; lastKnownFileType = sourcecode.c.h; path = "UIImage+TJImage.h"; sourceTree = "<group>"; };
		04A6EAF3254A75760054E1DB /* UIImage+TJImage.m */ = {isa = PBXFileReference; lastKnownFileType = sourcecode.c.objc; path = "UIImage+TJImage.m"; sourceTree = "<group>"; };
		04A6EB28254AA9BC0054E1DB /* TJCommon.h */ = {isa = PBXFileReference; lastKnownFileType = sourcecode.c.h; path = TJCommon.h; sourceTree = "<group>"; };
		04A6EB29254AA9BC0054E1DB /* TJCommon.m */ = {isa = PBXFileReference; lastKnownFileType = sourcecode.c.objc; path = TJCommon.m; sourceTree = "<group>"; };
		04A6EB3E254AAE3E0054E1DB /* TJAvoidCrashProtocol.h */ = {isa = PBXFileReference; lastKnownFileType = sourcecode.c.h; path = TJAvoidCrashProtocol.h; sourceTree = "<group>"; };
/* End PBXFileReference section */

/* Begin PBXFrameworksBuildPhase section */
		04A6EA082547C7140054E1DB /* Frameworks */ = {
			isa = PBXFrameworksBuildPhase;
			buildActionMask = 2147483647;
			files = (
			);
			runOnlyForDeploymentPostprocessing = 0;
		};
/* End PBXFrameworksBuildPhase section */

/* Begin PBXGroup section */
		04A6EA022547C7140054E1DB = {
			isa = PBXGroup;
			children = (
				04A6EA3C2547CB340054E1DB /* LICENSE */,
				04A6EA342547C9720054E1DB /* TJCommons.podspec */,
				04A6EA292547C7480054E1DB /* TJCommon */,
				04A6EA0D2547C7140054E1DB /* TJCommons */,
				04A6EA0C2547C7140054E1DB /* Products */,
			);
			sourceTree = "<group>";
		};
		04A6EA0C2547C7140054E1DB /* Products */ = {
			isa = PBXGroup;
			children = (
				04A6EA0B2547C7140054E1DB /* TJCommons.app */,
			);
			name = Products;
			sourceTree = "<group>";
		};
		04A6EA0D2547C7140054E1DB /* TJCommons */ = {
			isa = PBXGroup;
			children = (
				04A6EA0E2547C7140054E1DB /* AppDelegate.h */,
				04A6EA0F2547C7140054E1DB /* AppDelegate.m */,
				04A6EA142547C7140054E1DB /* ViewController.h */,
				04A6EA152547C7140054E1DB /* ViewController.m */,
				04A6EA172547C7140054E1DB /* Main.storyboard */,
				04A6EA1A2547C7150054E1DB /* Assets.xcassets */,
				04A6EA1C2547C7150054E1DB /* LaunchScreen.storyboard */,
				04A6EA1F2547C7150054E1DB /* Info.plist */,
				04A6EA202547C7150054E1DB /* main.m */,
			);
			path = TJCommons;
			sourceTree = "<group>";
		};
		04A6EA292547C7480054E1DB /* TJCommon */ = {
			isa = PBXGroup;
			children = (
				04A6EA5D2547F8120054E1DB /* TJCommons.h */,
				04A6EB2C254AAA2B0054E1DB /* TJCommon */,
				04A6EB35254AAB480054E1DB /* Define */,
				04A6EB34254AAB250054E1DB /* Factory */,
				04A6EB33254AAB070054E1DB /* ExchangeMothed */,
				04A6EB32254AAAED0054E1DB /* SafeData */,
				04A6EB31254AAADB0054E1DB /* SafeMothed */,
				04A6EB2F254AAA9E0054E1DB /* DataCheck */,
				04A6EB2E254AAA7B0054E1DB /* ButtonClickInterval */,
				04A6EB2D254AAA610054E1DB /* Image */,
			);
			path = TJCommon;
			sourceTree = "<group>";
		};
		04A6EB2C254AAA2B0054E1DB /* TJCommon */ = {
			isa = PBXGroup;
			children = (
				04A6EB28254AA9BC0054E1DB /* TJCommon.h */,
				04A6EB29254AA9BC0054E1DB /* TJCommon.m */,
			);
			path = TJCommon;
			sourceTree = "<group>";
		};
		04A6EB2D254AAA610054E1DB /* Image */ = {
			isa = PBXGroup;
			children = (
				04A6EAF2254A75760054E1DB /* UIImage+TJImage.h */,
				04A6EAF3254A75760054E1DB /* UIImage+TJImage.m */,
			);
			path = Image;
			sourceTree = "<group>";
		};
		04A6EB2E254AAA7B0054E1DB /* ButtonClickInterval */ = {
			isa = PBXGroup;
			children = (
				04A6EAEB254A62590054E1DB /* UIButton+TJClickInterval.h */,
				04A6EAEC254A62590054E1DB /* UIButton+TJClickInterval.m */,
			);
			path = ButtonClickInterval;
			sourceTree = "<group>";
		};
		04A6EB2F254AAA9E0054E1DB /* DataCheck */ = {
			isa = PBXGroup;
			children = (
				04A6EAE1254982F80054E1DB /* NSString+TJString.h */,
				04A6EAE2254982F80054E1DB /* NSString+TJString.m */,
				04A6EAE6254984EE0054E1DB /* NSDate+TJDate.h */,
				04A6EAE7254984EE0054E1DB /* NSDate+TJDate.m */,
			);
			path = DataCheck;
			sourceTree = "<group>";
		};
		04A6EB31254AAADB0054E1DB /* SafeMothed */ = {
			isa = PBXGroup;
			children = (
				04A6EACF25497B0D0054E1DB /* NSObject+TJSafeMethod.h */,
				04A6EAD025497B0D0054E1DB /* NSObject+TJSafeMethod.m */,
			);
			path = SafeMothed;
			sourceTree = "<group>";
		};
		04A6EB32254AAAED0054E1DB /* SafeData */ = {
			isa = PBXGroup;
			children = (
				04A6EB3E254AAE3E0054E1DB /* TJAvoidCrashProtocol.h */,
				04A6EA822548204F0054E1DB /* TJSafeMethod.h */,
				04A6EA832548204F0054E1DB /* TJSafeMethod.m */,
				04A6EA872548235E0054E1DB /* NSArray+TJSafeArray.h */,
				04A6EA882548235E0054E1DB /* NSArray+TJSafeArray.m */,
				04A6EABC2549578E0054E1DB /* NSMutableArray+TJSafeMutableArray.h */,
				04A6EABD2549578E0054E1DB /* NSMutableArray+TJSafeMutableArray.m */,
				04A6EA9D25482F930054E1DB /* NSDictionary+TJSafeDictionary.h */,
				04A6EA9E25482F930054E1DB /* NSDictionary+TJSafeDictionary.m */,
				04A6EAC025495D420054E1DB /* NSMutableDictionary+TJSafeMutableDictionary.h */,
				04A6EAC125495D420054E1DB /* NSMutableDictionary+TJSafeMutableDictionary.m */,
			);
			path = SafeData;
			sourceTree = "<group>";
		};
		04A6EB33254AAB070054E1DB /* ExchangeMothed */ = {
			isa = PBXGroup;
			children = (
				04A6EA7D25481D920054E1DB /* NSObject+TJExchangeMethod.h */,
				04A6EA7E25481D920054E1DB /* NSObject+TJExchangeMethod.m */,
			);
			path = ExchangeMothed;
			sourceTree = "<group>";
		};
		04A6EB34254AAB250054E1DB /* Factory */ = {
			isa = PBXGroup;
			children = (
				04A6EA632547FB0F0054E1DB /* UIButton+TJButton.h */,
				04A6EA642547FB0F0054E1DB /* UIButton+TJButton.m */,
				04A6EA68254803510054E1DB /* UILabel+TJLabel.h */,
				04A6EA69254803510054E1DB /* UILabel+TJLabel.m */,
				04A6EA6C25480A000054E1DB /* UIView+TJView.h */,
				04A6EA6D25480A000054E1DB /* UIView+TJView.m */,
				04A6EA712548122C0054E1DB /* UITableView+TJTableView.h */,
				04A6EA722548122C0054E1DB /* UITableView+TJTableView.m */,
				04A6EA762548140E0054E1DB /* UIViewController+TJViewController.h */,
				04A6EA772548140E0054E1DB /* UIViewController+TJViewController.m */,
			);
			path = Factory;
			sourceTree = "<group>";
		};
		04A6EB35254AAB480054E1DB /* Define */ = {
			isa = PBXGroup;
			children = (
				04A6EA602547FA0D0054E1DB /* TJCommons_define.h */,
			);
			path = Define;
			sourceTree = "<group>";
		};
/* End PBXGroup section */

/* Begin PBXNativeTarget section */
		04A6EA0A2547C7140054E1DB /* TJCommons */ = {
			isa = PBXNativeTarget;
			buildConfigurationList = 04A6EA242547C7150054E1DB /* Build configuration list for PBXNativeTarget "TJCommons" */;
			buildPhases = (
				04A6EA072547C7140054E1DB /* Sources */,
				04A6EA082547C7140054E1DB /* Frameworks */,
				04A6EA092547C7140054E1DB /* Resources */,
			);
			buildRules = (
			);
			dependencies = (
			);
			name = TJCommons;
			productName = TJCommons;
			productReference = 04A6EA0B2547C7140054E1DB /* TJCommons.app */;
			productType = "com.apple.product-type.application";
		};
/* End PBXNativeTarget section */

/* Begin PBXProject section */
		04A6EA032547C7140054E1DB /* Project object */ = {
			isa = PBXProject;
			attributes = {
				LastUpgradeCheck = 1210;
				TargetAttributes = {
					04A6EA0A2547C7140054E1DB = {
						CreatedOnToolsVersion = 12.1;
					};
				};
			};
			buildConfigurationList = 04A6EA062547C7140054E1DB /* Build configuration list for PBXProject "TJCommons" */;
			compatibilityVersion = "Xcode 9.3";
			developmentRegion = en;
			hasScannedForEncodings = 0;
			knownRegions = (
				en,
				Base,
			);
			mainGroup = 04A6EA022547C7140054E1DB;
			productRefGroup = 04A6EA0C2547C7140054E1DB /* Products */;
			projectDirPath = "";
			projectRoot = "";
			targets = (
				04A6EA0A2547C7140054E1DB /* TJCommons */,
			);
		};
/* End PBXProject section */

/* Begin PBXResourcesBuildPhase section */
		04A6EA092547C7140054E1DB /* Resources */ = {
			isa = PBXResourcesBuildPhase;
			buildActionMask = 2147483647;
			files = (
				04A6EA1E2547C7150054E1DB /* LaunchScreen.storyboard in Resources */,
				04A6EA1B2547C7150054E1DB /* Assets.xcassets in Resources */,
				04A6EA192547C7140054E1DB /* Main.storyboard in Resources */,
				04A6EA352547C9720054E1DB /* TJCommons.podspec in Resources */,
				04A6EA3D2547CB340054E1DB /* LICENSE in Resources */,
			);
			runOnlyForDeploymentPostprocessing = 0;
		};
/* End PBXResourcesBuildPhase section */

/* Begin PBXSourcesBuildPhase section */
		04A6EA072547C7140054E1DB /* Sources */ = {
			isa = PBXSourcesBuildPhase;
			buildActionMask = 2147483647;
			files = (
				04A6EAD125497B0D0054E1DB /* NSObject+TJSafeMethod.m in Sources */,
				04A6EAED254A62590054E1DB /* UIButton+TJClickInterval.m in Sources */,
				04A6EAF4254A75760054E1DB /* UIImage+TJImage.m in Sources */,
				04A6EA6A254803510054E1DB /* UILabel+TJLabel.m in Sources */,
				04A6EAC225495D420054E1DB /* NSMutableDictionary+TJSafeMutableDictionary.m in Sources */,
				04A6EA7F25481D920054E1DB /* NSObject+TJExchangeMethod.m in Sources */,
				04A6EA892548235E0054E1DB /* NSArray+TJSafeArray.m in Sources */,
				04A6EA6E25480A000054E1DB /* UIView+TJView.m in Sources */,
				04A6EAE8254984EE0054E1DB /* NSDate+TJDate.m in Sources */,
				04A6EAE3254982F80054E1DB /* NSString+TJString.m in Sources */,
				04A6EA732548122C0054E1DB /* UITableView+TJTableView.m in Sources */,
				04A6EA782548140E0054E1DB /* UIViewController+TJViewController.m in Sources */,
				04A6EB2A254AA9BC0054E1DB /* TJCommon.m in Sources */,
				04A6EA162547C7140054E1DB /* ViewController.m in Sources */,
				04A6EA652547FB0F0054E1DB /* UIButton+TJButton.m in Sources */,
				04A6EA842548204F0054E1DB /* TJSafeMethod.m in Sources */,
				04A6EABE2549578E0054E1DB /* NSMutableArray+TJSafeMutableArray.m in Sources */,
				04A6EA102547C7140054E1DB /* AppDelegate.m in Sources */,
				04A6EA212547C7150054E1DB /* main.m in Sources */,
				04A6EA9F25482F930054E1DB /* NSDictionary+TJSafeDictionary.m in Sources */,
			);
			runOnlyForDeploymentPostprocessing = 0;
		};
/* End PBXSourcesBuildPhase section */

/* Begin PBXVariantGroup section */
		04A6EA172547C7140054E1DB /* Main.storyboard */ = {
			isa = PBXVariantGroup;
			children = (
				04A6EA182547C7140054E1DB /* Base */,
			);
			name = Main.storyboard;
			sourceTree = "<group>";
		};
		04A6EA1C2547C7150054E1DB /* LaunchScreen.storyboard */ = {
			isa = PBXVariantGroup;
			children = (
				04A6EA1D2547C7150054E1DB /* Base */,
			);
			name = LaunchScreen.storyboard;
			sourceTree = "<group>";
		};
/* End PBXVariantGroup section */

/* Begin XCBuildConfiguration section */
		04A6EA222547C7150054E1DB /* Debug */ = {
			isa = XCBuildConfiguration;
			buildSettings = {
				ALWAYS_SEARCH_USER_PATHS = NO;
				CLANG_ANALYZER_NONNULL = YES;
				CLANG_ANALYZER_NUMBER_OBJECT_CONVERSION = YES_AGGRESSIVE;
				CLANG_CXX_LANGUAGE_STANDARD = "gnu++14";
				CLANG_CXX_LIBRARY = "libc++";
				CLANG_ENABLE_MODULES = YES;
				CLANG_ENABLE_OBJC_ARC = YES;
				CLANG_ENABLE_OBJC_WEAK = YES;
				CLANG_WARN_BLOCK_CAPTURE_AUTORELEASING = YES;
				CLANG_WARN_BOOL_CONVERSION = YES;
				CLANG_WARN_COMMA = YES;
				CLANG_WARN_CONSTANT_CONVERSION = YES;
				CLANG_WARN_DEPRECATED_OBJC_IMPLEMENTATIONS = YES;
				CLANG_WARN_DIRECT_OBJC_ISA_USAGE = YES_ERROR;
				CLANG_WARN_DOCUMENTATION_COMMENTS = YES;
				CLANG_WARN_EMPTY_BODY = YES;
				CLANG_WARN_ENUM_CONVERSION = YES;
				CLANG_WARN_INFINITE_RECURSION = YES;
				CLANG_WARN_INT_CONVERSION = YES;
				CLANG_WARN_NON_LITERAL_NULL_CONVERSION = YES;
				CLANG_WARN_OBJC_IMPLICIT_RETAIN_SELF = YES;
				CLANG_WARN_OBJC_LITERAL_CONVERSION = YES;
				CLANG_WARN_OBJC_ROOT_CLASS = YES_ERROR;
				CLANG_WARN_QUOTED_INCLUDE_IN_FRAMEWORK_HEADER = YES;
				CLANG_WARN_RANGE_LOOP_ANALYSIS = YES;
				CLANG_WARN_STRICT_PROTOTYPES = YES;
				CLANG_WARN_SUSPICIOUS_MOVE = YES;
				CLANG_WARN_UNGUARDED_AVAILABILITY = YES_AGGRESSIVE;
				CLANG_WARN_UNREACHABLE_CODE = YES;
				CLANG_WARN__DUPLICATE_METHOD_MATCH = YES;
				COPY_PHASE_STRIP = NO;
				DEBUG_INFORMATION_FORMAT = dwarf;
				ENABLE_STRICT_OBJC_MSGSEND = YES;
				ENABLE_TESTABILITY = YES;
				GCC_C_LANGUAGE_STANDARD = gnu11;
				GCC_DYNAMIC_NO_PIC = NO;
				GCC_NO_COMMON_BLOCKS = YES;
				GCC_OPTIMIZATION_LEVEL = 0;
				GCC_PREPROCESSOR_DEFINITIONS = (
					"DEBUG=1",
					"$(inherited)",
				);
				GCC_WARN_64_TO_32_BIT_CONVERSION = YES;
				GCC_WARN_ABOUT_RETURN_TYPE = YES_ERROR;
				GCC_WARN_UNDECLARED_SELECTOR = YES;
				GCC_WARN_UNINITIALIZED_AUTOS = YES_AGGRESSIVE;
				GCC_WARN_UNUSED_FUNCTION = YES;
				GCC_WARN_UNUSED_VARIABLE = YES;
				IPHONEOS_DEPLOYMENT_TARGET = 14.1;
				MTL_ENABLE_DEBUG_INFO = INCLUDE_SOURCE;
				MTL_FAST_MATH = YES;
				ONLY_ACTIVE_ARCH = YES;
				SDKROOT = iphoneos;
			};
			name = Debug;
		};
		04A6EA232547C7150054E1DB /* Release */ = {
			isa = XCBuildConfiguration;
			buildSettings = {
				ALWAYS_SEARCH_USER_PATHS = NO;
				CLANG_ANALYZER_NONNULL = YES;
				CLANG_ANALYZER_NUMBER_OBJECT_CONVERSION = YES_AGGRESSIVE;
				CLANG_CXX_LANGUAGE_STANDARD = "gnu++14";
				CLANG_CXX_LIBRARY = "libc++";
				CLANG_ENABLE_MODULES = YES;
				CLANG_ENABLE_OBJC_ARC = YES;
				CLANG_ENABLE_OBJC_WEAK = YES;
				CLANG_WARN_BLOCK_CAPTURE_AUTORELEASING = YES;
				CLANG_WARN_BOOL_CONVERSION = YES;
				CLANG_WARN_COMMA = YES;
				CLANG_WARN_CONSTANT_CONVERSION = YES;
				CLANG_WARN_DEPRECATED_OBJC_IMPLEMENTATIONS = YES;
				CLANG_WARN_DIRECT_OBJC_ISA_USAGE = YES_ERROR;
				CLANG_WARN_DOCUMENTATION_COMMENTS = YES;
				CLANG_WARN_EMPTY_BODY = YES;
				CLANG_WARN_ENUM_CONVERSION = YES;
				CLANG_WARN_INFINITE_RECURSION = YES;
				CLANG_WARN_INT_CONVERSION = YES;
				CLANG_WARN_NON_LITERAL_NULL_CONVERSION = YES;
				CLANG_WARN_OBJC_IMPLICIT_RETAIN_SELF = YES;
				CLANG_WARN_OBJC_LITERAL_CONVERSION = YES;
				CLANG_WARN_OBJC_ROOT_CLASS = YES_ERROR;
				CLANG_WARN_QUOTED_INCLUDE_IN_FRAMEWORK_HEADER = YES;
				CLANG_WARN_RANGE_LOOP_ANALYSIS = YES;
				CLANG_WARN_STRICT_PROTOTYPES = YES;
				CLANG_WARN_SUSPICIOUS_MOVE = YES;
				CLANG_WARN_UNGUARDED_AVAILABILITY = YES_AGGRESSIVE;
				CLANG_WARN_UNREACHABLE_CODE = YES;
				CLANG_WARN__DUPLICATE_METHOD_MATCH = YES;
				COPY_PHASE_STRIP = NO;
				DEBUG_INFORMATION_FORMAT = "dwarf-with-dsym";
				ENABLE_NS_ASSERTIONS = NO;
				ENABLE_STRICT_OBJC_MSGSEND = YES;
				GCC_C_LANGUAGE_STANDARD = gnu11;
				GCC_NO_COMMON_BLOCKS = YES;
				GCC_WARN_64_TO_32_BIT_CONVERSION = YES;
				GCC_WARN_ABOUT_RETURN_TYPE = YES_ERROR;
				GCC_WARN_UNDECLARED_SELECTOR = YES;
				GCC_WARN_UNINITIALIZED_AUTOS = YES_AGGRESSIVE;
				GCC_WARN_UNUSED_FUNCTION = YES;
				GCC_WARN_UNUSED_VARIABLE = YES;
				IPHONEOS_DEPLOYMENT_TARGET = 14.1;
				MTL_ENABLE_DEBUG_INFO = NO;
				MTL_FAST_MATH = YES;
				SDKROOT = iphoneos;
				VALIDATE_PRODUCT = YES;
			};
			name = Release;
		};
		04A6EA252547C7150054E1DB /* Debug */ = {
			isa = XCBuildConfiguration;
			buildSettings = {
				ASSETCATALOG_COMPILER_APPICON_NAME = AppIcon;
				ASSETCATALOG_COMPILER_GLOBAL_ACCENT_COLOR_NAME = AccentColor;
				CODE_SIGN_STYLE = Automatic;
				DEVELOPMENT_TEAM = X82U4H9W7F;
				INFOPLIST_FILE = TJCommons/Info.plist;
				IPHONEOS_DEPLOYMENT_TARGET = 9.0;
				LD_RUNPATH_SEARCH_PATHS = (
					"$(inherited)",
					"@executable_path/Frameworks",
				);
				PRODUCT_BUNDLE_IDENTIFIER = "-23.TJCommons";
				PRODUCT_NAME = "$(TARGET_NAME)";
				TARGETED_DEVICE_FAMILY = "1,2";
			};
			name = Debug;
		};
		04A6EA262547C7150054E1DB /* Release */ = {
			isa = XCBuildConfiguration;
			buildSettings = {
				ASSETCATALOG_COMPILER_APPICON_NAME = AppIcon;
				ASSETCATALOG_COMPILER_GLOBAL_ACCENT_COLOR_NAME = AccentColor;
				CODE_SIGN_STYLE = Automatic;
				DEVELOPMENT_TEAM = X82U4H9W7F;
				INFOPLIST_FILE = TJCommons/Info.plist;
				IPHONEOS_DEPLOYMENT_TARGET = 9.0;
				LD_RUNPATH_SEARCH_PATHS = (
					"$(inherited)",
					"@executable_path/Frameworks",
				);
				PRODUCT_BUNDLE_IDENTIFIER = "-23.TJCommons";
				PRODUCT_NAME = "$(TARGET_NAME)";
				TARGETED_DEVICE_FAMILY = "1,2";
			};
			name = Release;
		};
/* End XCBuildConfiguration section */

/* Begin XCConfigurationList section */
		04A6EA062547C7140054E1DB /* Build configuration list for PBXProject "TJCommons" */ = {
			isa = XCConfigurationList;
			buildConfigurations = (
				04A6EA222547C7150054E1DB /* Debug */,
				04A6EA232547C7150054E1DB /* Release */,
			);
			defaultConfigurationIsVisible = 0;
			defaultConfigurationName = Release;
		};
		04A6EA242547C7150054E1DB /* Build configuration list for PBXNativeTarget "TJCommons" */ = {
			isa = XCConfigurationList;
			buildConfigurations = (
				04A6EA252547C7150054E1DB /* Debug */,
				04A6EA262547C7150054E1DB /* Release */,
			);
			defaultConfigurationIsVisible = 0;
			defaultConfigurationName = Release;
		};
/* End XCConfigurationList section */
	};
	rootObject = 04A6EA032547C7140054E1DB /* Project object */;
}
